
Microsoft Visual Studio Solution File, Format Version 12.00
# Visual Studio Version 17
VisualStudioVersion = 17.1.32210.238
MinimumVisualStudioVersion = 10.0.40219.1
Project("{9A19103F-16F7-4668-BE54-9A1E7A4F7556}") = "Pair", "Pair\Pair.csproj", "{C4CCD428-8D64-4161-8D30-77093E6F14BC}"
EndProject
Project("{2150E333-8FDC-42A3-9474-1A3956D46DE8}") = "Solution Items", "Solution Items", "{31137D50-4933-4791-A7BB-197974518EAA}"
	ProjectSection(SolutionItems) = preProject
		.gitignore = .gitignore
		appveyor.yml = appveyor.yml
		LICENSE = LICENSE
		README.md = README.md
	EndProjectSection
EndProject
Global
	GlobalSection(SolutionConfigurationPlatforms) = preSolution
		Debug|Any CPU = Debug|Any CPU
		Release|Any CPU = Release|Any CPU
	EndGlobalSection
	GlobalSection(ProjectConfigurationPlatforms) = postSolution
		{C4CCD428-8D64-4161-8D30-77093E6F14BC}.Debug|Any CPU.ActiveCfg = Debug|Any CPU
		{C4CCD428-8D64-4161-8D30-77093E6F14BC}.Debug|Any CPU.Build.0 = Debug|Any CPU
		{C4CCD428-8D64-4161-8D30-77093E6F14BC}.Release|Any CPU.ActiveCfg = Release|Any CPU
		{C4CCD428-8D64-4161-8D30-77093E6F14BC}.Release|Any CPU.Build.0 = Release|Any CPU
	EndGlobalSection
	GlobalSection(SolutionProperties) = preSolution
		HideSolutionNode = FALSE
	EndGlobalSection
	GlobalSection(ExtensibilityGlobals) = postSolution
		SolutionGuid = {3BC4D284-142F-4209-93FE-29B89937C488}
	EndGlobalSection
EndGlobal
